
Microsoft Visual Studio Solution File, Format Version 12.00
# Visual Studio 14
VisualStudioVersion = 14.0.24720.0
MinimumVisualStudioVersion = 10.0.40219.1
Project("{FAE04EC0-301F-11D3-BF4B-00C04F79EFBC}") = "WinShooterGame", "WinShooterGame\WinShooterGame.csproj", "{DEB5163C-6647-4986-9588-0BB2842A3119}"
EndProject
Global
	GlobalSection(Performance) = preSolution
		HasPerformanceSessions = true
	EndGlobalSection
	GlobalSection(SolutionConfigurationPlatforms) = preSolution
		Debug|Any CPU = Debug|Any CPU
		Debug|x86 = Debug|x86
		Release|Any CPU = Release|Any CPU
		Release|x86 = Release|x86
	EndGlobalSection
	GlobalSection(ProjectConfigurationPlatforms) = postSolution
		{DEB5163C-6647-4986-9588-0BB2842A3119}.Debug|Any CPU.ActiveCfg = Debug|x86
		{DEB5163C-6647-4986-9588-0BB2842A3119}.Debug|x86.ActiveCfg = Debug|x86
		{DEB5163C-6647-4986-9588-0BB2842A3119}.Debug|x86.Build.0 = Debug|x86
		{DEB5163C-6647-4986-9588-0BB2842A3119}.Release|Any CPU.ActiveCfg = Release|x86
		{DEB5163C-6647-4986-9588-0BB2842A3119}.Release|x86.ActiveCfg = Release|x86
		{DEB5163C-6647-4986-9588-0BB2842A3119}.Release|x86.Build.0 = Release|x86
	EndGlobalSection
	GlobalSection(SolutionProperties) = preSolution
		HideSolutionNode = FALSE
	EndGlobalSection
EndGlobal
